{
  "name": "express-notify-io",
  "version": "0.0.1",
  "lockfileVersion": 1,
  "requires": true,
  "dependencies": {
    "funx-js": {
      "version": "0.0.13",
      "resolved": "https://registry.npmjs.org/funx-js/-/funx-js-0.0.13.tgz",
      "integrity": "sha512-xyppUSunIBttKTuuByrF2pDt296rpXGo4F8rLln5zyrGTKQKzopE05Uu9IxsdfeefeDsUfc6kHU3hF4GhSlVtA=="
    },
    "notify-io": {
      "version": "0.1.2",
      "resolved": "https://registry.npmjs.org/notify-io/-/notify-io-0.1.2.tgz",
      "integrity": "sha512-E+jgk1D4L7x+LAErrtT0fMhfNpcIFHHx+dQq+wzE5Bv9MFdW3OOAuQiQNPvm/Wbm/5rcyA236ib8ZdG1d8encg==",
      "requires": {
        "funx-js": "^0.0.13"
      }
    }
  }
}
