{
  "name": "express-notify-io",
  "version": "0.0.0",
  "lockfileVersion": 1,
  "requires": true,
  "dependencies": {
    "funx-js": {
      "version": "0.0.13",
      "resolved": "https://registry.npmjs.org/funx-js/-/funx-js-0.0.13.tgz",
      "integrity": "sha512-xyppUSunIBttKTuuByrF2pDt296rpXGo4F8rLln5zyrGTKQKzopE05Uu9IxsdfeefeDsUfc6kHU3hF4GhSlVtA=="
    },
    "notify-io": {
      "version": "0.1.1",
      "resolved": "https://registry.npmjs.org/notify-io/-/notify-io-0.1.1.tgz",
      "integrity": "sha512-nKM528qAqwWI8bq/VttYBUtUpTLj7c2Zf1t42lFfi4L6s4MwmSpncMAWmWbx/SKjoAqeY9TKuTYMsPYEr4nIGw==",
      "requires": {
        "funx-js": "^0.0.13"
      }
    }
  }
}
